
Microsoft Visual Studio Solution File, Format Version 12.00
# Visual Studio Version 17
VisualStudioVersion = 17.8.34330.188
MinimumVisualStudioVersion = 10.0.40219.1
Project("{8BC9CEB8-8B4A-11D0-8D11-00A0C91BC942}") = "03.API_数据类型和API函数(Console)", "03.API数据类型和API函数(console)\03.API数据类型和API函数(console).vcxproj", "{847F9B46-04FC-4824-83EE-DD8DC1A682E7}"
EndProject
Project("{8BC9CEB8-8B4A-11D0-8D11-00A0C91BC942}") = "02.API_数据类型", "02数据类型\02数据类型.vcxproj", "{D7D4292C-4326-4D04-BF04-10F4A9BF7D11}"
EndProject
Project("{8BC9CEB8-8B4A-11D0-8D11-00A0C91BC942}") = "03.API_数据类型和API函数(GUI)", "03.API数据类型和API函数\03.API数据类型和API函数.vcxproj", "{F6068B3F-DD5B-4CD2-8B3E-557489091252}"
EndProject
Project("{8BC9CEB8-8B4A-11D0-8D11-00A0C91BC942}") = "04.API_数据结构", "04.API数据结构\04.API数据结构.vcxproj", "{35595A67-E1C7-45A0-913E-0A466B32E3A3}"
EndProject
Project("{8BC9CEB8-8B4A-11D0-8D11-00A0C91BC942}") = "05.API_GetSystemDirectory", "05.API_GetSystemDirectory\05.API_GetSystemDirectory.vcxproj", "{83E7BBCD-191B-4C23-B65E-77266D09BE6A}"
EndProject
Project("{8BC9CEB8-8B4A-11D0-8D11-00A0C91BC942}") = "62.枚举进程-1", "62.枚举进程-1\62.枚举进程-1.vcxproj", "{1DEFB8A5-6A3D-4593-9098-559EF5EAB998}"
EndProject
Global
	GlobalSection(SolutionConfigurationPlatforms) = preSolution
		Debug|x64 = Debug|x64
		Debug|x86 = Debug|x86
		Release|x64 = Release|x64
		Release|x86 = Release|x86
	EndGlobalSection
	GlobalSection(ProjectConfigurationPlatforms) = postSolution
		{847F9B46-04FC-4824-83EE-DD8DC1A682E7}.Debug|x64.ActiveCfg = Debug|x64
		{847F9B46-04FC-4824-83EE-DD8DC1A682E7}.Debug|x64.Build.0 = Debug|x64
		{847F9B46-04FC-4824-83EE-DD8DC1A682E7}.Debug|x86.ActiveCfg = Debug|Win32
		{847F9B46-04FC-4824-83EE-DD8DC1A682E7}.Debug|x86.Build.0 = Debug|Win32
		{847F9B46-04FC-4824-83EE-DD8DC1A682E7}.Release|x64.ActiveCfg = Release|x64
		{847F9B46-04FC-4824-83EE-DD8DC1A682E7}.Release|x64.Build.0 = Release|x64
		{847F9B46-04FC-4824-83EE-DD8DC1A682E7}.Release|x86.ActiveCfg = Release|Win32
		{847F9B46-04FC-4824-83EE-DD8DC1A682E7}.Release|x86.Build.0 = Release|Win32
		{D7D4292C-4326-4D04-BF04-10F4A9BF7D11}.Debug|x64.ActiveCfg = Debug|x64
		{D7D4292C-4326-4D04-BF04-10F4A9BF7D11}.Debug|x64.Build.0 = Debug|x64
		{D7D4292C-4326-4D04-BF04-10F4A9BF7D11}.Debug|x86.ActiveCfg = Debug|Win32
		{D7D4292C-4326-4D04-BF04-10F4A9BF7D11}.Debug|x86.Build.0 = Debug|Win32
		{D7D4292C-4326-4D04-BF04-10F4A9BF7D11}.Release|x64.ActiveCfg = Release|x64
		{D7D4292C-4326-4D04-BF04-10F4A9BF7D11}.Release|x64.Build.0 = Release|x64
		{D7D4292C-4326-4D04-BF04-10F4A9BF7D11}.Release|x86.ActiveCfg = Release|Win32
		{D7D4292C-4326-4D04-BF04-10F4A9BF7D11}.Release|x86.Build.0 = Release|Win32
		{F6068B3F-DD5B-4CD2-8B3E-557489091252}.Debug|x64.ActiveCfg = Debug|x64
		{F6068B3F-DD5B-4CD2-8B3E-557489091252}.Debug|x64.Build.0 = Debug|x64
		{F6068B3F-DD5B-4CD2-8B3E-557489091252}.Debug|x86.ActiveCfg = Debug|Win32
		{F6068B3F-DD5B-4CD2-8B3E-557489091252}.Debug|x86.Build.0 = Debug|Win32
		{F6068B3F-DD5B-4CD2-8B3E-557489091252}.Release|x64.ActiveCfg = Release|x64
		{F6068B3F-DD5B-4CD2-8B3E-557489091252}.Release|x64.Build.0 = Release|x64
		{F6068B3F-DD5B-4CD2-8B3E-557489091252}.Release|x86.ActiveCfg = Release|Win32
		{F6068B3F-DD5B-4CD2-8B3E-557489091252}.Release|x86.Build.0 = Release|Win32
		{35595A67-E1C7-45A0-913E-0A466B32E3A3}.Debug|x64.ActiveCfg = Debug|x64
		{35595A67-E1C7-45A0-913E-0A466B32E3A3}.Debug|x64.Build.0 = Debug|x64
		{35595A67-E1C7-45A0-913E-0A466B32E3A3}.Debug|x86.ActiveCfg = Debug|Win32
		{35595A67-E1C7-45A0-913E-0A466B32E3A3}.Debug|x86.Build.0 = Debug|Win32
		{35595A67-E1C7-45A0-913E-0A466B32E3A3}.Release|x64.ActiveCfg = Release|x64
		{35595A67-E1C7-45A0-913E-0A466B32E3A3}.Release|x64.Build.0 = Release|x64
		{35595A67-E1C7-45A0-913E-0A466B32E3A3}.Release|x86.ActiveCfg = Release|Win32
		{35595A67-E1C7-45A0-913E-0A466B32E3A3}.Release|x86.Build.0 = Release|Win32
		{83E7BBCD-191B-4C23-B65E-77266D09BE6A}.Debug|x64.ActiveCfg = Debug|x64
		{83E7BBCD-191B-4C23-B65E-77266D09BE6A}.Debug|x64.Build.0 = Debug|x64
		{83E7BBCD-191B-4C23-B65E-77266D09BE6A}.Debug|x86.ActiveCfg = Debug|Win32
		{83E7BBCD-191B-4C23-B65E-77266D09BE6A}.Debug|x86.Build.0 = Debug|Win32
		{83E7BBCD-191B-4C23-B65E-77266D09BE6A}.Release|x64.ActiveCfg = Release|x64
		{83E7BBCD-191B-4C23-B65E-77266D09BE6A}.Release|x64.Build.0 = Release|x64
		{83E7BBCD-191B-4C23-B65E-77266D09BE6A}.Release|x86.ActiveCfg = Release|Win32
		{83E7BBCD-191B-4C23-B65E-77266D09BE6A}.Release|x86.Build.0 = Release|Win32
		{1DEFB8A5-6A3D-4593-9098-559EF5EAB998}.Debug|x64.ActiveCfg = Debug|x64
		{1DEFB8A5-6A3D-4593-9098-559EF5EAB998}.Debug|x64.Build.0 = Debug|x64
		{1DEFB8A5-6A3D-4593-9098-559EF5EAB998}.Debug|x86.ActiveCfg = Debug|Win32
		{1DEFB8A5-6A3D-4593-9098-559EF5EAB998}.Debug|x86.Build.0 = Debug|Win32
		{1DEFB8A5-6A3D-4593-9098-559EF5EAB998}.Release|x64.ActiveCfg = Release|x64
		{1DEFB8A5-6A3D-4593-9098-559EF5EAB998}.Release|x64.Build.0 = Release|x64
		{1DEFB8A5-6A3D-4593-9098-559EF5EAB998}.Release|x86.ActiveCfg = Release|Win32
		{1DEFB8A5-6A3D-4593-9098-559EF5EAB998}.Release|x86.Build.0 = Release|Win32
	EndGlobalSection
	GlobalSection(SolutionProperties) = preSolution
		HideSolutionNode = FALSE
	EndGlobalSection
	GlobalSection(ExtensibilityGlobals) = postSolution
		SolutionGuid = {2A190366-02E9-4E10-B52C-C3E5648F38F6}
	EndGlobalSection
EndGlobal
